// !$*UTF8*$!
{
	archiveVersion = 1;
	classes = {
	};
	objectVersion = 50;
	objects = {

/* Begin PBXBuildFile section */
		F7AA2A6621E6DF1700B3064C /* AppDelegate.m in Sources */ = {isa = PBXBuildFile; fileRef = F7AA2A6521E6DF1700B3064C /* AppDelegate.m */; };
		F7AA2A6921E6DF1700B3064C /* ViewController.m in Sources */ = {isa = PBXBuildFile; fileRef = F7AA2A6821E6DF1700B3064C /* ViewController.m */; };
		F7AA2A6C21E6DF1700B3064C /* Main.storyboard in Resources */ = {isa = PBXBuildFile; fileRef = F7AA2A6A21E6DF1700B3064C /* Main.storyboard */; };
		F7AA2A6E21E6DF1800B3064C /* Assets.xcassets in Resources */ = {isa = PBXBuildFile; fileRef = F7AA2A6D21E6DF1800B3064C /* Assets.xcassets */; };
		F7AA2A7121E6DF1800B3064C /* LaunchScreen.storyboard in Resources */ = {isa = PBXBuildFile; fileRef = F7AA2A6F21E6DF1800B3064C /* LaunchScreen.storyboard */; };
		F7AA2A7421E6DF1800B3064C /* main.m in Sources */ = {isa = PBXBuildFile; fileRef = F7AA2A7321E6DF1800B3064C /* main.m */; };
		F7AA2A7E21E6DF1800B3064C /* QuickFilmTests.m in Sources */ = {isa = PBXBuildFile; fileRef = F7AA2A7D21E6DF1800B3064C /* QuickFilmTests.m */; };
		F7AA2A8921E6DF1800B3064C /* QuickFilmUITests.m in Sources */ = {isa = PBXBuildFile; fileRef = F7AA2A8821E6DF1800B3064C /* QuickFilmUITests.m */; };
/* End PBXBuildFile section */

/* Begin PBXContainerItemProxy section */
		F7AA2A7A21E6DF1800B3064C /* PBXContainerItemProxy */ = {
			isa = PBXContainerItemProxy;
			containerPortal = F7AA2A5921E6DF1700B3064C /* Project object */;
			proxyType = 1;
			remoteGlobalIDString = F7AA2A6021E6DF1700B3064C;
			remoteInfo = QuickFilm;
		};
		F7AA2A8521E6DF1800B3064C /* PBXContainerItemProxy */ = {
			isa = PBXContainerItemProxy;
			containerPortal = F7AA2A5921E6DF1700B3064C /* Project object */;
			proxyType = 1;
			remoteGlobalIDString = F7AA2A6021E6DF1700B3064C;
			remoteInfo = QuickFilm;
		};
/* End PBXContainerItemProxy section */

/* Begin PBXFileReference section */
		F7AA2A6121E6DF1700B3064C /* QuickFilm.app */ = {isa = PBXFileReference; explicitFileType = wrapper.application; includeInIndex = 0; path = QuickFilm.app; sourceTree = BUILT_PRODUCTS_DIR; };
		F7AA2A6421E6DF1700B3064C /* AppDelegate.h */ = {isa = PBXFileReference; lastKnownFileType = sourcecode.c.h; path = AppDelegate.h; sourceTree = "<group>"; };
		F7AA2A6521E6DF1700B3064C /* AppDelegate.m */ = {isa = PBXFileReference; lastKnownFileType = sourcecode.c.objc; path = AppDelegate.m; sourceTree = "<group>"; };
		F7AA2A6721E6DF1700B3064C /* ViewController.h */ = {isa = PBXFileReference; lastKnownFileType = sourcecode.c.h; path = ViewController.h; sourceTree = "<group>"; };
		F7AA2A6821E6DF1700B3064C /* ViewController.m */ = {isa = PBXFileReference; lastKnownFileType = sourcecode.c.objc; path = ViewController.m; sourceTree = "<group>"; };
		F7AA2A6B21E6DF1700B3064C /* Base */ = {isa = PBXFileReference; lastKnownFileType = file.storyboard; name = Base; path = Base.lproj/Main.storyboard; sourceTree = "<group>"; };
		F7AA2A6D21E6DF1800B3064C /* Assets.xcassets */ = {isa = PBXFileReference; lastKnownFileType = folder.assetcatalog; path = Assets.xcassets; sourceTree = "<group>"; };
		F7AA2A7021E6DF1800B3064C /* Base */ = {isa = PBXFileReference; lastKnownFileType = file.storyboard; name = Base; path = Base.lproj/LaunchScreen.storyboard; sourceTree = "<group>"; };
		F7AA2A7221E6DF1800B3064C /* Info.plist */ = {isa = PBXFileReference; lastKnownFileType = text.plist.xml; path = Info.plist; sourceTree = "<group>"; };
		F7AA2A7321E6DF1800B3064C /* main.m */ = {isa = PBXFileReference; lastKnownFileType = sourcecode.c.objc; path = main.m; sourceTree = "<group>"; };
		F7AA2A7921E6DF1800B3064C /* QuickFilmTests.xctest */ = {isa = PBXFileReference; explicitFileType = wrapper.cfbundle; includeInIndex = 0; path = QuickFilmTests.xctest; sourceTree = BUILT_PRODUCTS_DIR; };
		F7AA2A7D21E6DF1800B3064C /* QuickFilmTests.m */ = {isa = PBXFileReference; lastKnownFileType = sourcecode.c.objc; path = QuickFilmTests.m; sourceTree = "<group>"; };
		F7AA2A7F21E6DF1800B3064C /* Info.plist */ = {isa = PBXFileReference; lastKnownFileType = text.plist.xml; path = Info.plist; sourceTree = "<group>"; };
		F7AA2A8421E6DF1800B3064C /* QuickFilmUITests.xctest */ = {isa = PBXFileReference; explicitFileType = wrapper.cfbundle; includeInIndex = 0; path = QuickFilmUITests.xctest; sourceTree = BUILT_PRODUCTS_DIR; };
		F7AA2A8821E6DF1800B3064C /* QuickFilmUITests.m */ = {isa = PBXFileReference; lastKnownFileType = sourcecode.c.objc; path = QuickFilmUITests.m; sourceTree = "<group>"; };
		F7AA2A8A21E6DF1800B3064C /* Info.plist */ = {isa = PBXFileReference; lastKnownFileType = text.plist.xml; path = Info.plist; sourceTree = "<group>"; };
/* End PBXFileReference section */

/* Begin PBXFrameworksBuildPhase section */
		F7AA2A5E21E6DF1700B3064C /* Frameworks */ = {
			isa = PBXFrameworksBuildPhase;
			buildActionMask = 2147483647;
			files = (
			);
			runOnlyForDeploymentPostprocessing = 0;
		};
		F7AA2A7621E6DF1800B3064C /* Frameworks */ = {
			isa = PBXFrameworksBuildPhase;
			buildActionMask = 2147483647;
			files = (
			);
			runOnlyForDeploymentPostprocessing = 0;
		};
		F7AA2A8121E6DF1800B3064C /* Frameworks */ = {
			isa = PBXFrameworksBuildPhase;
			buildActionMask = 2147483647;
			files = (
			);
			runOnlyForDeploymentPostprocessing = 0;
		};
/* End PBXFrameworksBuildPhase section */

/* Begin PBXGroup section */
		F7AA2A5821E6DF1700B3064C = {
			isa = PBXGroup;
			children = (
				F7AA2A6321E6DF1700B3064C /* QuickFilm */,
				F7AA2A7C21E6DF1800B3064C /* QuickFilmTests */,
				F7AA2A8721E6DF1800B3064C /* QuickFilmUITests */,
				F7AA2A6221E6DF1700B3064C /* Products */,
			);
			sourceTree = "<group>";
		};
		F7AA2A6221E6DF1700B3064C /* Products */ = {
			isa = PBXGroup;
			children = (
				F7AA2A6121E6DF1700B3064C /* QuickFilm.app */,
				F7AA2A7921E6DF1800B3064C /* QuickFilmTests.xctest */,
				F7AA2A8421E6DF1800B3064C /* QuickFilmUITests.xctest */,
			);
			name = Products;
			sourceTree = "<group>";
		};
		F7AA2A6321E6DF1700B3064C /* QuickFilm */ = {
			isa = PBXGroup;
			children = (
				F7AA2A6421E6DF1700B3064C /* AppDelegate.h */,
				F7AA2A6521E6DF1700B3064C /* AppDelegate.m */,
				F7AA2A6721E6DF1700B3064C /* ViewController.h */,
				F7AA2A6821E6DF1700B3064C /* ViewController.m */,
				F7AA2A6A21E6DF1700B3064C /* Main.storyboard */,
				F7AA2A6D21E6DF1800B3064C /* Assets.xcassets */,
				F7AA2A6F21E6DF1800B3064C /* LaunchScreen.storyboard */,
				F7AA2A7221E6DF1800B3064C /* Info.plist */,
				F7AA2A7321E6DF1800B3064C /* main.m */,
			);
			path = QuickFilm;
			sourceTree = "<group>";
		};
		F7AA2A7C21E6DF1800B3064C /* QuickFilmTests */ = {
			isa = PBXGroup;
			children = (
				F7AA2A7D21E6DF1800B3064C /* QuickFilmTests.m */,
				F7AA2A7F21E6DF1800B3064C /* Info.plist */,
			);
			path = QuickFilmTests;
			sourceTree = "<group>";
		};
		F7AA2A8721E6DF1800B3064C /* QuickFilmUITests */ = {
			isa = PBXGroup;
			children = (
				F7AA2A8821E6DF1800B3064C /* QuickFilmUITests.m */,
				F7AA2A8A21E6DF1800B3064C /* Info.plist */,
			);
			path = QuickFilmUITests;
			sourceTree = "<group>";
		};
/* End PBXGroup section */

/* Begin PBXNativeTarget section */
		F7AA2A6021E6DF1700B3064C /* QuickFilm */ = {
			isa = PBXNativeTarget;
			buildConfigurationList = F7AA2A8D21E6DF1800B3064C /* Build configuration list for PBXNativeTarget "QuickFilm" */;
			buildPhases = (
				F7AA2A5D21E6DF1700B3064C /* Sources */,
				F7AA2A5E21E6DF1700B3064C /* Frameworks */,
				F7AA2A5F21E6DF1700B3064C /* Resources */,
			);
			buildRules = (
			);
			dependencies = (
			);
			name = QuickFilm;
			productName = QuickFilm;
			productReference = F7AA2A6121E6DF1700B3064C /* QuickFilm.app */;
			productType = "com.apple.product-type.application";
		};
		F7AA2A7821E6DF1800B3064C /* QuickFilmTests */ = {
			isa = PBXNativeTarget;
			buildConfigurationList = F7AA2A9021E6DF1800B3064C /* Build configuration list for PBXNativeTarget "QuickFilmTests" */;
			buildPhases = (
				F7AA2A7521E6DF1800B3064C /* Sources */,
				F7AA2A7621E6DF1800B3064C /* Frameworks */,
				F7AA2A7721E6DF1800B3064C /* Resources */,
			);
			buildRules = (
			);
			dependencies = (
				F7AA2A7B21E6DF1800B3064C /* PBXTargetDependency */,
			);
			name = QuickFilmTests;
			productName = QuickFilmTests;
			productReference = F7AA2A7921E6DF1800B3064C /* QuickFilmTests.xctest */;
			productType = "com.apple.product-type.bundle.unit-test";
		};
		F7AA2A8321E6DF1800B3064C /* QuickFilmUITests */ = {
			isa = PBXNativeTarget;
			buildConfigurationList = F7AA2A9321E6DF1800B3064C /* Build configuration list for PBXNativeTarget "QuickFilmUITests" */;
			buildPhases = (
				F7AA2A8021E6DF1800B3064C /* Sources */,
				F7AA2A8121E6DF1800B3064C /* Frameworks */,
				F7AA2A8221E6DF1800B3064C /* Resources */,
			);
			buildRules = (
			);
			dependencies = (
				F7AA2A8621E6DF1800B3064C /* PBXTargetDependency */,
			);
			name = QuickFilmUITests;
			productName = QuickFilmUITests;
			productReference = F7AA2A8421E6DF1800B3064C /* QuickFilmUITests.xctest */;
			productType = "com.apple.product-type.bundle.ui-testing";
		};
/* End PBXNativeTarget section */

/* Begin PBXProject section */
		F7AA2A5921E6DF1700B3064C /* Project object */ = {
			isa = PBXProject;
			attributes = {
				LastUpgradeCheck = 1010;
				ORGANIZATIONNAME = iOS123;
				TargetAttributes = {
					F7AA2A6021E6DF1700B3064C = {
						CreatedOnToolsVersion = 10.1;
					};
					F7AA2A7821E6DF1800B3064C = {
						CreatedOnToolsVersion = 10.1;
						TestTargetID = F7AA2A6021E6DF1700B3064C;
					};
					F7AA2A8321E6DF1800B3064C = {
						CreatedOnToolsVersion = 10.1;
						TestTargetID = F7AA2A6021E6DF1700B3064C;
					};
				};
			};
			buildConfigurationList = F7AA2A5C21E6DF1700B3064C /* Build configuration list for PBXProject "QuickFilm" */;
			compatibilityVersion = "Xcode 9.3";
			developmentRegion = en;
			hasScannedForEncodings = 0;
			knownRegions = (
				en,
				Base,
			);
			mainGroup = F7AA2A5821E6DF1700B3064C;
			productRefGroup = F7AA2A6221E6DF1700B3064C /* Products */;
			projectDirPath = "";
			projectRoot = "";
			targets = (
				F7AA2A6021E6DF1700B3064C /* QuickFilm */,
				F7AA2A7821E6DF1800B3064C /* QuickFilmTests */,
				F7AA2A8321E6DF1800B3064C /* QuickFilmUITests */,
			);
		};
/* End PBXProject section */

/* Begin PBXResourcesBuildPhase section */
		F7AA2A5F21E6DF1700B3064C /* Resources */ = {
			isa = PBXResourcesBuildPhase;
			buildActionMask = 2147483647;
			files = (
				F7AA2A7121E6DF1800B3064C /* LaunchScreen.storyboard in Resources */,
				F7AA2A6E21E6DF1800B3064C /* Assets.xcassets in Resources */,
				F7AA2A6C21E6DF1700B3064C /* Main.storyboard in Resources */,
			);
			runOnlyForDeploymentPostprocessing = 0;
		};
		F7AA2A7721E6DF1800B3064C /* Resources */ = {
			isa = PBXResourcesBuildPhase;
			buildActionMask = 2147483647;
			files = (
			);
			runOnlyForDeploymentPostprocessing = 0;
		};
		F7AA2A8221E6DF1800B3064C /* Resources */ = {
			isa = PBXResourcesBuildPhase;
			buildActionMask = 2147483647;
			files = (
			);
			runOnlyForDeploymentPostprocessing = 0;
		};
/* End PBXResourcesBuildPhase section */

/* Begin PBXSourcesBuildPhase section */
		F7AA2A5D21E6DF1700B3064C /* Sources */ = {
			isa = PBXSourcesBuildPhase;
			buildActionMask = 2147483647;
			files = (
				F7AA2A6921E6DF1700B3064C /* ViewController.m in Sources */,
				F7AA2A7421E6DF1800B3064C /* main.m in Sources */,
				F7AA2A6621E6DF1700B3064C /* AppDelegate.m in Sources */,
			);
			runOnlyForDeploymentPostprocessing = 0;
		};
		F7AA2A7521E6DF1800B3064C /* Sources */ = {
			isa = PBXSourcesBuildPhase;
			buildActionMask = 2147483647;
			files = (
				F7AA2A7E21E6DF1800B3064C /* QuickFilmTests.m in Sources */,
			);
			runOnlyForDeploymentPostprocessing = 0;
		};
		F7AA2A8021E6DF1800B3064C /* Sources */ = {
			isa = PBXSourcesBuildPhase;
			buildActionMask = 2147483647;
			files = (
				F7AA2A8921E6DF1800B3064C /* QuickFilmUITests.m in Sources */,
			);
			runOnlyForDeploymentPostprocessing = 0;
		};
/* End PBXSourcesBuildPhase section */

/* Begin PBXTargetDependency section */
		F7AA2A7B21E6DF1800B3064C /* PBXTargetDependency */ = {
			isa = PBXTargetDependency;
			target = F7AA2A6021E6DF1700B3064C /* QuickFilm */;
			targetProxy = F7AA2A7A21E6DF1800B3064C /* PBXContainerItemProxy */;
		};
		F7AA2A8621E6DF1800B3064C /* PBXTargetDependency */ = {
			isa = PBXTargetDependency;
			target = F7AA2A6021E6DF1700B3064C /* QuickFilm */;
			targetProxy = F7AA2A8521E6DF1800B3064C /* PBXContainerItemProxy */;
		};
/* End PBXTargetDependency section */

/* Begin PBXVariantGroup section */
		F7AA2A6A21E6DF1700B3064C /* Main.storyboard */ = {
			isa = PBXVariantGroup;
			children = (
				F7AA2A6B21E6DF1700B3064C /* Base */,
			);
			name = Main.storyboard;
			sourceTree = "<group>";
		};
		F7AA2A6F21E6DF1800B3064C /* LaunchScreen.storyboard */ = {
			isa = PBXVariantGroup;
			children = (
				F7AA2A7021E6DF1800B3064C /* Base */,
			);
			name = LaunchScreen.storyboard;
			sourceTree = "<group>";
		};
/* End PBXVariantGroup section */

/* Begin XCBuildConfiguration section */
		F7AA2A8B21E6DF1800B3064C /* Debug */ = {
			isa = XCBuildConfiguration;
			buildSettings = {
				ALWAYS_SEARCH_USER_PATHS = NO;
				CLANG_ANALYZER_NONNULL = YES;
				CLANG_ANALYZER_NUMBER_OBJECT_CONVERSION = YES_AGGRESSIVE;
				CLANG_CXX_LANGUAGE_STANDARD = "gnu++14";
				CLANG_CXX_LIBRARY = "libc++";
				CLANG_ENABLE_MODULES = YES;
				CLANG_ENABLE_OBJC_ARC = YES;
				CLANG_ENABLE_OBJC_WEAK = YES;
				CLANG_WARN_BLOCK_CAPTURE_AUTORELEASING = YES;
				CLANG_WARN_BOOL_CONVERSION = YES;
				CLANG_WARN_COMMA = YES;
				CLANG_WARN_CONSTANT_CONVERSION = YES;
				CLANG_WARN_DEPRECATED_OBJC_IMPLEMENTATIONS = YES;
				CLANG_WARN_DIRECT_OBJC_ISA_USAGE = YES_ERROR;
				CLANG_WARN_DOCUMENTATION_COMMENTS = YES;
				CLANG_WARN_EMPTY_BODY = YES;
				CLANG_WARN_ENUM_CONVERSION = YES;
				CLANG_WARN_INFINITE_RECURSION = YES;
				CLANG_WARN_INT_CONVERSION = YES;
				CLANG_WARN_NON_LITERAL_NULL_CONVERSION = YES;
				CLANG_WARN_OBJC_IMPLICIT_RETAIN_SELF = YES;
				CLANG_WARN_OBJC_LITERAL_CONVERSION = YES;
				CLANG_WARN_OBJC_ROOT_CLASS = YES_ERROR;
				CLANG_WARN_RANGE_LOOP_ANALYSIS = YES;
				CLANG_WARN_STRICT_PROTOTYPES = YES;
				CLANG_WARN_SUSPICIOUS_MOVE = YES;
				CLANG_WARN_UNGUARDED_AVAILABILITY = YES_AGGRESSIVE;
				CLANG_WARN_UNREACHABLE_CODE = YES;
				CLANG_WARN__DUPLICATE_METHOD_MATCH = YES;
				CODE_SIGN_IDENTITY = "iPhone Developer";
				COPY_PHASE_STRIP = NO;
				DEBUG_INFORMATION_FORMAT = dwarf;
				ENABLE_STRICT_OBJC_MSGSEND = YES;
				ENABLE_TESTABILITY = YES;
				GCC_C_LANGUAGE_STANDARD = gnu11;
				GCC_DYNAMIC_NO_PIC = NO;
				GCC_NO_COMMON_BLOCKS = YES;
				GCC_OPTIMIZATION_LEVEL = 0;
				GCC_PREPROCESSOR_DEFINITIONS = (
					"DEBUG=1",
					"$(inherited)",
				);
				GCC_WARN_64_TO_32_BIT_CONVERSION = YES;
				GCC_WARN_ABOUT_RETURN_TYPE = YES_ERROR;
				GCC_WARN_UNDECLARED_SELECTOR = YES;
				GCC_WARN_UNINITIALIZED_AUTOS = YES_AGGRESSIVE;
				GCC_WARN_UNUSED_FUNCTION = YES;
				GCC_WARN_UNUSED_VARIABLE = YES;
				IPHONEOS_DEPLOYMENT_TARGET = 12.1;
				MTL_ENABLE_DEBUG_INFO = INCLUDE_SOURCE;
				MTL_FAST_MATH = YES;
				ONLY_ACTIVE_ARCH = YES;
				SDKROOT = iphoneos;
			};
			name = Debug;
		};
		F7AA2A8C21E6DF1800B3064C /* Release */ = {
			isa = XCBuildConfiguration;
			buildSettings = {
				ALWAYS_SEARCH_USER_PATHS = NO;
				CLANG_ANALYZER_NONNULL = YES;
				CLANG_ANALYZER_NUMBER_OBJECT_CONVERSION = YES_AGGRESSIVE;
				CLANG_CXX_LANGUAGE_STANDARD = "gnu++14";
				CLANG_CXX_LIBRARY = "libc++";
				CLANG_ENABLE_MODULES = YES;
				CLANG_ENABLE_OBJC_ARC = YES;
				CLANG_ENABLE_OBJC_WEAK = YES;
				CLANG_WARN_BLOCK_CAPTURE_AUTORELEASING = YES;
				CLANG_WARN_BOOL_CONVERSION = YES;
				CLANG_WARN_COMMA = YES;
				CLANG_WARN_CONSTANT_CONVERSION = YES;
				CLANG_WARN_DEPRECATED_OBJC_IMPLEMENTATIONS = YES;
				CLANG_WARN_DIRECT_OBJC_ISA_USAGE = YES_ERROR;
				CLANG_WARN_DOCUMENTATION_COMMENTS = YES;
				CLANG_WARN_EMPTY_BODY = YES;
				CLANG_WARN_ENUM_CONVERSION = YES;
				CLANG_WARN_INFINITE_RECURSION = YES;
				CLANG_WARN_INT_CONVERSION = YES;
				CLANG_WARN_NON_LITERAL_NULL_CONVERSION = YES;
				CLANG_WARN_OBJC_IMPLICIT_RETAIN_SELF = YES;
				CLANG_WARN_OBJC_LITERAL_CONVERSION = YES;
				CLANG_WARN_OBJC_ROOT_CLASS = YES_ERROR;
				CLANG_WARN_RANGE_LOOP_ANALYSIS = YES;
				CLANG_WARN_STRICT_PROTOTYPES = YES;
				CLANG_WARN_SUSPICIOUS_MOVE = YES;
				CLANG_WARN_UNGUARDED_AVAILABILITY = YES_AGGRESSIVE;
				CLANG_WARN_UNREACHABLE_CODE = YES;
				CLANG_WARN__DUPLICATE_METHOD_MATCH = YES;
				CODE_SIGN_IDENTITY = "iPhone Developer";
				COPY_PHASE_STRIP = NO;
				DEBUG_INFORMATION_FORMAT = "dwarf-with-dsym";
				ENABLE_NS_ASSERTIONS = NO;
				ENABLE_STRICT_OBJC_MSGSEND = YES;
				GCC_C_LANGUAGE_STANDARD = gnu11;
				GCC_NO_COMMON_BLOCKS = YES;
				GCC_WARN_64_TO_32_BIT_CONVERSION = YES;
				GCC_WARN_ABOUT_RETURN_TYPE = YES_ERROR;
				GCC_WARN_UNDECLARED_SELECTOR = YES;
				GCC_WARN_UNINITIALIZED_AUTOS = YES_AGGRESSIVE;
				GCC_WARN_UNUSED_FUNCTION = YES;
				GCC_WARN_UNUSED_VARIABLE = YES;
				IPHONEOS_DEPLOYMENT_TARGET = 12.1;
				MTL_ENABLE_DEBUG_INFO = NO;
				MTL_FAST_MATH = YES;
				SDKROOT = iphoneos;
				VALIDATE_PRODUCT = YES;
			};
			name = Release;
		};
		F7AA2A8E21E6DF1800B3064C /* Debug */ = {
			isa = XCBuildConfiguration;
			buildSettings = {
				ASSETCATALOG_COMPILER_APPICON_NAME = AppIcon;
				CODE_SIGN_STYLE = Automatic;
				DEVELOPMENT_TEAM = 226YH5AK6L;
				INFOPLIST_FILE = QuickFilm/Info.plist;
				LD_RUNPATH_SEARCH_PATHS = (
					"$(inherited)",
					"@executable_path/Frameworks",
				);
				PRODUCT_BUNDLE_IDENTIFIER = QL.QuickFilm;
				PRODUCT_NAME = "$(TARGET_NAME)";
				TARGETED_DEVICE_FAMILY = "1,2";
			};
			name = Debug;
		};
		F7AA2A8F21E6DF1800B3064C /* Release */ = {
			isa = XCBuildConfiguration;
			buildSettings = {
				ASSETCATALOG_COMPILER_APPICON_NAME = AppIcon;
				CODE_SIGN_STYLE = Automatic;
				DEVELOPMENT_TEAM = 226YH5AK6L;
				INFOPLIST_FILE = QuickFilm/Info.plist;
				LD_RUNPATH_SEARCH_PATHS = (
					"$(inherited)",
					"@executable_path/Frameworks",
				);
				PRODUCT_BUNDLE_IDENTIFIER = QL.QuickFilm;
				PRODUCT_NAME = "$(TARGET_NAME)";
				TARGETED_DEVICE_FAMILY = "1,2";
			};
			name = Release;
		};
		F7AA2A9121E6DF1800B3064C /* Debug */ = {
			isa = XCBuildConfiguration;
			buildSettings = {
				BUNDLE_LOADER = "$(TEST_HOST)";
				CODE_SIGN_STYLE = Automatic;
				INFOPLIST_FILE = QuickFilmTests/Info.plist;
				LD_RUNPATH_SEARCH_PATHS = (
					"$(inherited)",
					"@executable_path/Frameworks",
					"@loader_path/Frameworks",
				);
				PRODUCT_BUNDLE_IDENTIFIER = QL.QuickFilmTests;
				PRODUCT_NAME = "$(TARGET_NAME)";
				TARGETED_DEVICE_FAMILY = "1,2";
				TEST_HOST = "$(BUILT_PRODUCTS_DIR)/QuickFilm.app/QuickFilm";
			};
			name = Debug;
		};
		F7AA2A9221E6DF1800B3064C /* Release */ = {
			isa = XCBuildConfiguration;
			buildSettings = {
				BUNDLE_LOADER = "$(TEST_HOST)";
				CODE_SIGN_STYLE = Automatic;
				INFOPLIST_FILE = QuickFilmTests/Info.plist;
				LD_RUNPATH_SEARCH_PATHS = (
					"$(inherited)",
					"@executable_path/Frameworks",
					"@loader_path/Frameworks",
				);
				PRODUCT_BUNDLE_IDENTIFIER = QL.QuickFilmTests;
				PRODUCT_NAME = "$(TARGET_NAME)";
				TARGETED_DEVICE_FAMILY = "1,2";
				TEST_HOST = "$(BUILT_PRODUCTS_DIR)/QuickFilm.app/QuickFilm";
			};
			name = Release;
		};
		F7AA2A9421E6DF1800B3064C /* Debug */ = {
			isa = XCBuildConfiguration;
			buildSettings = {
				CODE_SIGN_STYLE = Automatic;
				INFOPLIST_FILE = QuickFilmUITests/Info.plist;
				LD_RUNPATH_SEARCH_PATHS = (
					"$(inherited)",
					"@executable_path/Frameworks",
					"@loader_path/Frameworks",
				);
				PRODUCT_BUNDLE_IDENTIFIER = QL.QuickFilmUITests;
				PRODUCT_NAME = "$(TARGET_NAME)";
				TARGETED_DEVICE_FAMILY = "1,2";
				TEST_TARGET_NAME = QuickFilm;
			};
			name = Debug;
		};
		F7AA2A9521E6DF1800B3064C /* Release */ = {
			isa = XCBuildConfiguration;
			buildSettings = {
				CODE_SIGN_STYLE = Automatic;
				INFOPLIST_FILE = QuickFilmUITests/Info.plist;
				LD_RUNPATH_SEARCH_PATHS = (
					"$(inherited)",
					"@executable_path/Frameworks",
					"@loader_path/Frameworks",
				);
				PRODUCT_BUNDLE_IDENTIFIER = QL.QuickFilmUITests;
				PRODUCT_NAME = "$(TARGET_NAME)";
				TARGETED_DEVICE_FAMILY = "1,2";
				TEST_TARGET_NAME = QuickFilm;
			};
			name = Release;
		};
/* End XCBuildConfiguration section */

/* Begin XCConfigurationList section */
		F7AA2A5C21E6DF1700B3064C /* Build configuration list for PBXProject "QuickFilm" */ = {
			isa = XCConfigurationList;
			buildConfigurations = (
				F7AA2A8B21E6DF1800B3064C /* Debug */,
				F7AA2A8C21E6DF1800B3064C /* Release */,
			);
			defaultConfigurationIsVisible = 0;
			defaultConfigurationName = Release;
		};
		F7AA2A8D21E6DF1800B3064C /* Build configuration list for PBXNativeTarget "QuickFilm" */ = {
			isa = XCConfigurationList;
			buildConfigurations = (
				F7AA2A8E21E6DF1800B3064C /* Debug */,
				F7AA2A8F21E6DF1800B3064C /* Release */,
			);
			defaultConfigurationIsVisible = 0;
			defaultConfigurationName = Release;
		};
		F7AA2A9021E6DF1800B3064C /* Build configuration list for PBXNativeTarget "QuickFilmTests" */ = {
			isa = XCConfigurationList;
			buildConfigurations = (
				F7AA2A9121E6DF1800B3064C /* Debug */,
				F7AA2A9221E6DF1800B3064C /* Release */,
			);
			defaultConfigurationIsVisible = 0;
			defaultConfigurationName = Release;
		};
		F7AA2A9321E6DF1800B3064C /* Build configuration list for PBXNativeTarget "QuickFilmUITests" */ = {
			isa = XCConfigurationList;
			buildConfigurations = (
				F7AA2A9421E6DF1800B3064C /* Debug */,
				F7AA2A9521E6DF1800B3064C /* Release */,
			);
			defaultConfigurationIsVisible = 0;
			defaultConfigurationName = Release;
		};
/* End XCConfigurationList section */
	};
	rootObject = F7AA2A5921E6DF1700B3064C /* Project object */;
}
